
Microsoft Visual Studio Solution File, Format Version 12.00
# Visual Studio Version 16
VisualStudioVersion = 16.0.30406.217
MinimumVisualStudioVersion = 10.0.40219.1
Project("{FAE04EC0-301F-11D3-BF4B-00C04F79EFBC}") = "DotNetCommunity", "DotNetCommunity.csproj", "{FA7690F6-45B0-42E0-A971-C5B5837CBAFD}"
EndProject
Global
	GlobalSection(SolutionConfigurationPlatforms) = preSolution
		Debug|Any CPU = Debug|Any CPU
		Release|Any CPU = Release|Any CPU
	EndGlobalSection
	GlobalSection(ProjectConfigurationPlatforms) = postSolution
		{FA7690F6-45B0-42E0-A971-C5B5837CBAFD}.Debug|Any CPU.ActiveCfg = Debug|Any CPU
		{FA7690F6-45B0-42E0-A971-C5B5837CBAFD}.Debug|Any CPU.Build.0 = Debug|Any CPU
		{FA7690F6-45B0-42E0-A971-C5B5837CBAFD}.Release|Any CPU.ActiveCfg = Release|Any CPU
		{FA7690F6-45B0-42E0-A971-C5B5837CBAFD}.Release|Any CPU.Build.0 = Release|Any CPU
	EndGlobalSection
	GlobalSection(SolutionProperties) = preSolution
		HideSolutionNode = FALSE
	EndGlobalSection
	GlobalSection(ExtensibilityGlobals) = postSolution
		SolutionGuid = {854426D9-0940-4517-8D97-514DDB3B9B1C}
	EndGlobalSection
EndGlobal
